<?xml version="1.0" encoding="utf-8"?>
<Project ToolsVersion="4.0" xmlns="http://schemas.microsoft.com/developer/msbuild/2003">
  <ItemGroup>
    <Filter Include="资源文件">
      <UniqueIdentifier>{67DA6AB6-F800-4c08-8B7A-83BB121AAD01}</UniqueIdentifier>
      <Extensions>rc;ico;cur;bmp;dlg;rc2;rct;bin;rgs;gif;jpg;jpeg;jpe;resx;tiff;tif;png;wav;mfcribbon-ms</Extensions>
    </Filter>
    <Filter Include="source">
      <UniqueIdentifier>{4FC737F1-C7A5-4376-A066-2A32D752A2FF}</UniqueIdentifier>
      <Extensions>cpp;c;cc;cxx;c++;cppm;ixx;def;odl;idl;hpj;bat;asm;asmx</Extensions>
    </Filter>
    <Filter Include="header">
      <UniqueIdentifier>{93995380-89BD-4b04-88EB-625FBE52EBFB}</UniqueIdentifier>
      <Extensions>h;hh;hpp;hxx;h++;hm;inl;inc;ipp;xsd</Extensions>
    </Filter>
    <Filter Include="export_header">
      <UniqueIdentifier>{40686b52-2961-41c0-acff-f67187e05264}</UniqueIdentifier>
    </Filter>
  </ItemGroup>
  <ItemGroup>
    <ClCompile Include="dllmain.cpp">
      <Filter>source</Filter>
    </ClCompile>
    <ClCompile Include="..\..\src\attdet.c">
      <Filter>source</Filter>
    </ClCompile>
    <ClCompile Include="..\..\src\bits.c">
      <Filter>source</Filter>
    </ClCompile>
    <ClCompile Include="..\..\src\bwdet.c">
      <Filter>source</Filter>
    </ClCompile>
    <ClCompile Include="..\..\src\energy.c">
      <Filter>source</Filter>
    </ClCompile>
    <ClCompile Include="..\..\src\lc3.c">
      <Filter>source</Filter>
    </ClCompile>
    <ClCompile Include="..\..\src\ltpf.c">
      <Filter>source</Filter>
    </ClCompile>
    <ClCompile Include="..\..\src\mdct.c">
      <Filter>source</Filter>
    </ClCompile>
    <ClCompile Include="..\..\src\plc.c">
      <Filter>source</Filter>
    </ClCompile>
    <ClCompile Include="..\..\src\sns.c">
      <Filter>source</Filter>
    </ClCompile>
    <ClCompile Include="..\..\src\spec.c">
      <Filter>source</Filter>
    </ClCompile>
    <ClCompile Include="..\..\src\tables.c">
      <Filter>source</Filter>
    </ClCompile>
    <ClCompile Include="..\..\src\tns.c">
      <Filter>source</Filter>
    </ClCompile>
  </ItemGroup>
  <ItemGroup>
    <ClInclude Include="..\..\src\attdet.h">
      <Filter>header</Filter>
    </ClInclude>
    <ClInclude Include="..\..\src\bits.h">
      <Filter>header</Filter>
    </ClInclude>
    <ClInclude Include="..\..\src\bwdet.h">
      <Filter>header</Filter>
    </ClInclude>
    <ClInclude Include="..\..\src\common.h">
      <Filter>header</Filter>
    </ClInclude>
    <ClInclude Include="..\..\src\energy.h">
      <Filter>header</Filter>
    </ClInclude>
    <ClInclude Include="..\..\src\fastmath.h">
      <Filter>header</Filter>
    </ClInclude>
    <ClInclude Include="..\..\src\ltpf.h">
      <Filter>header</Filter>
    </ClInclude>
    <ClInclude Include="..\..\src\ltpf_arm.h">
      <Filter>header</Filter>
    </ClInclude>
    <ClInclude Include="..\..\src\ltpf_neon.h">
      <Filter>header</Filter>
    </ClInclude>
    <ClInclude Include="..\..\src\mdct.h">
      <Filter>header</Filter>
    </ClInclude>
    <ClInclude Include="..\..\src\mdct_neon.h">
      <Filter>header</Filter>
    </ClInclude>
    <ClInclude Include="..\..\src\plc.h">
      <Filter>header</Filter>
    </ClInclude>
    <ClInclude Include="..\..\src\sns.h">
      <Filter>header</Filter>
    </ClInclude>
    <ClInclude Include="..\..\src\spec.h">
      <Filter>header</Filter>
    </ClInclude>
    <ClInclude Include="..\..\src\tables.h">
      <Filter>header</Filter>
    </ClInclude>
    <ClInclude Include="..\..\src\tns.h">
      <Filter>header</Filter>
    </ClInclude>
    <ClInclude Include="..\..\include\lc3.h">
      <Filter>export_header</Filter>
    </ClInclude>
    <ClInclude Include="..\..\include\lc3_cpp.h">
      <Filter>export_header</Filter>
    </ClInclude>
    <ClInclude Include="..\..\include\lc3_private.h">
      <Filter>export_header</Filter>
    </ClInclude>
  </ItemGroup>
</Project>